
Microsoft Visual Studio Solution File, Format Version 12.00
# Visual Studio 14
VisualStudioVersion = 14.0.24720.0
MinimumVisualStudioVersion = 10.0.40219.1
Project("{FAE04EC0-301F-11D3-BF4B-00C04F79EFBC}") = "TypeScriptStringsFuncs", "WebApplication3\TypeScriptStringsFuncs.csproj", "{215F1E67-5FEC-4C5C-AEB5-D350CDD46523}"
EndProject
Global
	GlobalSection(SolutionConfigurationPlatforms) = preSolution
		Debug|Any CPU = Debug|Any CPU
		Release|Any CPU = Release|Any CPU
	EndGlobalSection
	GlobalSection(ProjectConfigurationPlatforms) = postSolution
		{215F1E67-5FEC-4C5C-AEB5-D350CDD46523}.Debug|Any CPU.ActiveCfg = Debug|Any CPU
		{215F1E67-5FEC-4C5C-AEB5-D350CDD46523}.Debug|Any CPU.Build.0 = Debug|Any CPU
		{215F1E67-5FEC-4C5C-AEB5-D350CDD46523}.Release|Any CPU.ActiveCfg = Release|Any CPU
		{215F1E67-5FEC-4C5C-AEB5-D350CDD46523}.Release|Any CPU.Build.0 = Release|Any CPU
	EndGlobalSection
	GlobalSection(SolutionProperties) = preSolution
		HideSolutionNode = FALSE
	EndGlobalSection
EndGlobal
