
Microsoft Visual Studio Solution File, Format Version 12.00
# Visual Studio 14
VisualStudioVersion = 14.0.24720.0
MinimumVisualStudioVersion = 10.0.40219.1
Project("{FAE04EC0-301F-11D3-BF4B-00C04F79EFBC}") = "JSDay6", "JSDay6\JSDay6.csproj", "{5412ECAC-4017-4EB7-87B0-3D25AEB85F26}"
EndProject
Global
	GlobalSection(SolutionConfigurationPlatforms) = preSolution
		Debug|Any CPU = Debug|Any CPU
		Release|Any CPU = Release|Any CPU
	EndGlobalSection
	GlobalSection(ProjectConfigurationPlatforms) = postSolution
		{5412ECAC-4017-4EB7-87B0-3D25AEB85F26}.Debug|Any CPU.ActiveCfg = Debug|Any CPU
		{5412ECAC-4017-4EB7-87B0-3D25AEB85F26}.Debug|Any CPU.Build.0 = Debug|Any CPU
		{5412ECAC-4017-4EB7-87B0-3D25AEB85F26}.Release|Any CPU.ActiveCfg = Release|Any CPU
		{5412ECAC-4017-4EB7-87B0-3D25AEB85F26}.Release|Any CPU.Build.0 = Release|Any CPU
	EndGlobalSection
	GlobalSection(SolutionProperties) = preSolution
		HideSolutionNode = FALSE
	EndGlobalSection
EndGlobal
