
Microsoft Visual Studio Solution File, Format Version 12.00
# Visual Studio 14
VisualStudioVersion = 14.0.24720.0
MinimumVisualStudioVersion = 10.0.40219.1
Project("{FAE04EC0-301F-11D3-BF4B-00C04F79EFBC}") = "Typescript_Intro", "Typescript_Intro\Typescript_Intro.csproj", "{C8795780-BC6A-4420-8668-D72E01D3834F}"
EndProject
Global
	GlobalSection(SolutionConfigurationPlatforms) = preSolution
		Debug|Any CPU = Debug|Any CPU
		Release|Any CPU = Release|Any CPU
	EndGlobalSection
	GlobalSection(ProjectConfigurationPlatforms) = postSolution
		{C8795780-BC6A-4420-8668-D72E01D3834F}.Debug|Any CPU.ActiveCfg = Debug|Any CPU
		{C8795780-BC6A-4420-8668-D72E01D3834F}.Debug|Any CPU.Build.0 = Debug|Any CPU
		{C8795780-BC6A-4420-8668-D72E01D3834F}.Release|Any CPU.ActiveCfg = Release|Any CPU
		{C8795780-BC6A-4420-8668-D72E01D3834F}.Release|Any CPU.Build.0 = Release|Any CPU
	EndGlobalSection
	GlobalSection(SolutionProperties) = preSolution
		HideSolutionNode = FALSE
	EndGlobalSection
EndGlobal
